
Microsoft Visual Studio Solution File, Format Version 12.00
# Visual Studio Version 16
VisualStudioVersion = 16.0.29709.97
MinimumVisualStudioVersion = 10.0.40219.1
Project("{FAE04EC0-301F-11D3-BF4B-00C04F79EFBC}") = "AxeAccessibilityDriver", "AxeAccessibilityDriver\AxeAccessibilityDriver.csproj", "{3A4B6EB9-EB27-41A2-B860-53E9FBB4BBA2}"
EndProject
Project("{FAE04EC0-301F-11D3-BF4B-00C04F79EFBC}") = "AxeTester", "AxeTester\AxeTester.csproj", "{D7CE9DCE-FC3C-4E95-A01A-5B58B4CFA429}"
EndProject
Global
	GlobalSection(SolutionConfigurationPlatforms) = preSolution
		Debug|Any CPU = Debug|Any CPU
		Release|Any CPU = Release|Any CPU
	EndGlobalSection
	GlobalSection(ProjectConfigurationPlatforms) = postSolution
		{3A4B6EB9-EB27-41A2-B860-53E9FBB4BBA2}.Debug|Any CPU.ActiveCfg = Debug|Any CPU
		{3A4B6EB9-EB27-41A2-B860-53E9FBB4BBA2}.Debug|Any CPU.Build.0 = Debug|Any CPU
		{3A4B6EB9-EB27-41A2-B860-53E9FBB4BBA2}.Release|Any CPU.ActiveCfg = Release|Any CPU
		{3A4B6EB9-EB27-41A2-B860-53E9FBB4BBA2}.Release|Any CPU.Build.0 = Release|Any CPU
		{D7CE9DCE-FC3C-4E95-A01A-5B58B4CFA429}.Debug|Any CPU.ActiveCfg = Debug|Any CPU
		{D7CE9DCE-FC3C-4E95-A01A-5B58B4CFA429}.Debug|Any CPU.Build.0 = Debug|Any CPU
		{D7CE9DCE-FC3C-4E95-A01A-5B58B4CFA429}.Release|Any CPU.ActiveCfg = Release|Any CPU
		{D7CE9DCE-FC3C-4E95-A01A-5B58B4CFA429}.Release|Any CPU.Build.0 = Release|Any CPU
	EndGlobalSection
	GlobalSection(SolutionProperties) = preSolution
		HideSolutionNode = FALSE
	EndGlobalSection
	GlobalSection(ExtensibilityGlobals) = postSolution
		SolutionGuid = {98C3A18C-0B20-4467-AD73-B769CA53C4E6}
	EndGlobalSection
EndGlobal
