
Microsoft Visual Studio Solution File, Format Version 12.00
# Visual Studio Version 17
VisualStudioVersion = 17.8.34316.72
MinimumVisualStudioVersion = 10.0.40219.1
Project("{FAE04EC0-301F-11D3-BF4B-00C04F79EFBC}") = "TestRunner", "TestRunner\TestRunner.csproj", "{876913A5-22CA-4751-85C6-768ED884E65F}"
EndProject
Global
	GlobalSection(SolutionConfigurationPlatforms) = preSolution
		Debug|Any CPU = Debug|Any CPU
		Release|Any CPU = Release|Any CPU
	EndGlobalSection
	GlobalSection(ProjectConfigurationPlatforms) = postSolution
		{876913A5-22CA-4751-85C6-768ED884E65F}.Debug|Any CPU.ActiveCfg = Debug|Any CPU
		{876913A5-22CA-4751-85C6-768ED884E65F}.Debug|Any CPU.Build.0 = Debug|Any CPU
		{876913A5-22CA-4751-85C6-768ED884E65F}.Release|Any CPU.ActiveCfg = Release|Any CPU
		{876913A5-22CA-4751-85C6-768ED884E65F}.Release|Any CPU.Build.0 = Release|Any CPU
	EndGlobalSection
	GlobalSection(SolutionProperties) = preSolution
		HideSolutionNode = FALSE
	EndGlobalSection
	GlobalSection(ExtensibilityGlobals) = postSolution
		SolutionGuid = {9CEDDD91-BD93-4B90-81AF-C4347C5B39A2}
	EndGlobalSection
EndGlobal
